lockfileVersion: '9.0'

settings:
  autoInstallPeers: true
  excludeLinksFromLockfile: false

importers:

  .:
    devDependencies:
      '@discordjs/core':
        specifier: 3.0.0-dev.1773101020-f3942a631
        version: 3.0.0-dev.1773101020-f3942a631
      '@discordjs/rest':
        specifier: 3.0.0-dev.1773101020-f3942a631
        version: 3.0.0-dev.1773101020-f3942a631
      '@discordjs/ws':
        specifier: 3.0.0-dev.1773101020-f3942a631
        version: 3.0.0-dev.1773101020-f3942a631
      discord-api-types:
        specifier: ^0.38.42
        version: 0.38.42
      husky:
        specifier: ^9.1.7
        version: 9.1.7
      oxfmt:
        specifier: ^0.37.0
        version: 0.37.0
      oxlint:
        specifier: ^1.52.0
        version: 1.53.0
      tsdown:
        specifier: ^0.21.1
        version: 0.21.1(typescript@5.9.3)
      typescript:
        specifier: ^5.9.3
        version: 5.9.3

packages:

  '@babel/generator@8.0.0-rc.2':
    resolution: {integrity: sha512-oCQ1IKPwkzCeJzAPb7Fv8rQ9k5+1sG8mf2uoHiMInPYvkRfrDJxbTIbH51U+jstlkghus0vAi3EBvkfvEsYNLQ==}
    engines: {node: ^20.19.0 || >=22.12.0}

  '@babel/helper-string-parser@8.0.0-rc.2':
    resolution: {integrity: sha512-noLx87RwlBEMrTzncWd/FvTxoJ9+ycHNg0n8yyYydIoDsLZuxknKgWRJUqcrVkNrJ74uGyhWQzQaS3q8xfGAhQ==}
    engines: {node: ^20.19.0 || >=22.12.0}

  '@babel/helper-validator-identifier@8.0.0-rc.2':
    resolution: {integrity: sha512-xExUBkuXWJjVuIbO7z6q7/BA9bgfJDEhVL0ggrggLMbg0IzCUWGT1hZGE8qUH7Il7/RD/a6cZ3AAFrrlp1LF/A==}
    engines: {node: ^20.19.0 || >=22.12.0}

  '@babel/parser@8.0.0-rc.2':
    resolution: {integrity: sha512-29AhEtcq4x8Dp3T72qvUMZHx0OMXCj4Jy/TEReQa+KWLln524Cj1fWb3QFi0l/xSpptQBR6y9RNEXuxpFvwiUQ==}
    engines: {node: ^20.19.0 || >=22.12.0}
    hasBin: true

  '@babel/types@8.0.0-rc.2':
    resolution: {integrity: sha512-91gAaWRznDwSX4E2tZ1YjBuIfnQVOFDCQ2r0Toby0gu4XEbyF623kXLMA8d4ZbCu+fINcrudkmEcwSUHgDDkNw==}
    engines: {node: ^20.19.0 || >=22.12.0}

  '@discordjs/collection@3.0.0-dev.1773101020-f3942a631':
    resolution: {integrity: sha512-0hxLJvSqwmsSanNO1fx11ndZMvQz9fR5M/kukTi4yIo015Q8zVaetyCQFR1RP4FEdhZAX6UsiUlh+jENrsg2rw==}
    engines: {node: '>=22.12.0'}

  '@discordjs/core@3.0.0-dev.1773101020-f3942a631':
    resolution: {integrity: sha512-P4urExtAw4CvgZsOJ2YmXki96Xq6lHZQH9Oy/9y0i1p4PzEAdq8QUHb1SPTk2+PZtqIBH2jyBwOXId+wTAkfnA==}
    engines: {node: '>=22.12.0'}

  '@discordjs/rest@3.0.0-dev.1773101020-f3942a631':
    resolution: {integrity: sha512-N2fqdAFHPXkgs82iW8Pwzfa3AG7vZe2BspUwrDIvMJ/1FsP/cgKTD42w9movUxbX0G0II3Wy0kuAjqCz6/T5wQ==}
    engines: {node: '>=22.12.0'}

  '@discordjs/util@2.0.0-dev.1773101020-f3942a631':
    resolution: {integrity: sha512-v58pbICXvx+rBlDA25cH7UiIeVwTyk9r3EAYFivAy5CchBlSw9VBt5b7Q4IAhbjAd/IIkQa+5a8UHSLd14CmhA==}
    engines: {node: '>=22.12.0'}

  '@discordjs/ws@3.0.0-dev.1773101020-f3942a631':
    resolution: {integrity: sha512-LMbUDdnjzUeCy6PVyjQ1fVqkZxqCqMJYLeOYtpNe7/NI73TBhxxnNCuAFPcjoFtjFHtcV2NntnW3JOBorLSmLQ==}
    engines: {node: '>=22.12.0'}

  '@emnapi/core@1.8.1':
    resolution: {integrity: sha512-AvT9QFpxK0Zd8J0jopedNm+w/2fIzvtPKPjqyw9jwvBaReTTqPBk9Hixaz7KbjimP+QNz605/XnjFcDAL2pqBg==}

  '@emnapi/runtime@1.8.1':
    resolution: {integrity: sha512-mehfKSMWjjNol8659Z8KxEMrdSJDDot5SXMq00dM8BN4o+CLNXQ0xH2V7EchNHV4RmbZLmmPdEaXZc5H2FXmDg==}

  '@emnapi/wasi-threads@1.1.0':
    resolution: {integrity: sha512-WI0DdZ8xFSbgMjR1sFsKABJ/C5OnRrjT06JXbZKexJGrDuPTzZdDYfFlsgcCXCyf+suG5QU2e/y1Wo2V/OapLQ==}

  '@jridgewell/gen-mapping@0.3.13':
    resolution: {integrity: sha512-2kkt/7niJ6MgEPxF0bYdQ6etZaA+fQvDcLKckhy1yIQOzaoKjBBjSj63/aLVjYE3qhRt5dvM+uUyfCg6UKCBbA==}

  '@jridgewell/resolve-uri@3.1.2':
    resolution: {integrity: sha512-bRISgCIjP20/tbWSPWMEi54QVPRZExkuD9lJL+UIxUKtwVJA8wW1Trb1jMs1RFXo1CBTNZ/5hpC9QvmKWdopKw==}
    engines: {node: '>=6.0.0'}

  '@jridgewell/sourcemap-codec@1.5.5':
    resolution: {integrity: sha512-cYQ9310grqxueWbl+WuIUIaiUaDcj7WOq5fVhEljNVgRfOUhY9fy2zTvfoqWsnebh8Sl70VScFbICvJnLKB0Og==}

  '@jridgewell/trace-mapping@0.3.31':
    resolution: {integrity: sha512-zzNR+SdQSDJzc8joaeP8QQoCQr8NuYx2dIIytl1QeBEZHJ9uW6hebsrYgbz8hJwUQao3TWCMtmfV8Nu1twOLAw==}

  '@napi-rs/wasm-runtime@1.1.1':
    resolution: {integrity: sha512-p64ah1M1ld8xjWv3qbvFwHiFVWrq1yFvV4f7w+mzaqiR4IlSgkqhcRdHwsGgomwzBH51sRY4NEowLxnaBjcW/A==}

  '@oxc-project/types@0.115.0':
    resolution: {integrity: sha512-4n91DKnebUS4yjUHl2g3/b2T+IUdCfmoZGhmwsovZCDaJSs+QkVAM+0AqqTxHSsHfeiMuueT75cZaZcT/m0pSw==}

  '@oxfmt/binding-android-arm-eabi@0.37.0':
    resolution: {integrity: sha512-2AW4VHG6mePEb1r4l6nBOVz1MwevNa0obayXd5Xce+gtP+cL/FCaoVK7JtpqCj4cEVxbLU4jijBUIWK41X2GGg==}
    engines: {node: ^20.19.0 || >=22.12.0}
    cpu: [arm]
    os: [android]

  '@oxfmt/binding-android-arm64@0.37.0':
    resolution: {integrity: sha512-fW/oGfK337wYb/qfoeqKrcv3tMv7DlsKVmHca0DZrWHLMUYftpYD9z7TYOD5VQ1Lg8D/iTzQiTneT2CAMThPxg==}
    engines: {node: ^20.19.0 || >=22.12.0}
    cpu: [arm64]
    os: [android]

  '@oxfmt/binding-darwin-arm64@0.37.0':
    resolution: {integrity: sha512-8sfuzKA8Ic43ZCC1ZMwk12rNVao9nn7K6crTvtLQy+yQVbXE1xxR4P1YTxqaLEOGJNq+sB2xyrfJywKVF9VODw==}
    engines: {node: ^20.19.0 || >=22.12.0}
    cpu: [arm64]
    os: [darwin]

  '@oxfmt/binding-darwin-x64@0.37.0':
    resolution: {integrity: sha512-X67bSfIDL1ufBY5OLxK3oG5Gj8Jvp7f2yEDVSduvolV+a0k6KJ1ZDFqG9wyTfancKVb7aZ5lTs63pAOxZYrj4A==}
    engines: {node: ^20.19.0 || >=22.12.0}
    cpu: [x64]
    os: [darwin]

  '@oxfmt/binding-freebsd-x64@0.37.0':
    resolution: {integrity: sha512-ULQ6098xUjZoZbT38qHj3Bgwq1BbglgnLOpB01Dsi79n94Dd4V0dPD4TlnSCdX33Rr/DBje4S2IpzgnAs8kknw==}
    engines: {node: ^20.19.0 || >=22.12.0}
    cpu: [x64]
    os: [freebsd]

  '@oxfmt/binding-linux-arm-gnueabihf@0.37.0':
    resolution: {integrity: sha512-GsNuj91bKV8jHdRBtnCxe7vpX06IADFbyOwkScmDaoroRooBOK9NeStctE0/wE4DT6QY7qfF0YzUTGB2e5tjzQ==}
    engines: {node: ^20.19.0 || >=22.12.0}
    cpu: [arm]
    os: [linux]

  '@oxfmt/binding-linux-arm-musleabihf@0.37.0':
    resolution: {integrity: sha512-13ywNNp291Tc1nUaISUS3u2Y2O26zERJoVy1xK2uO+/1oon3EAHxMrXd0bQjopT+Ia3rTPwO6iFxW1DZratehA==}
    engines: {node: ^20.19.0 || >=22.12.0}
    cpu: [arm]
    os: [linux]

  '@oxfmt/binding-linux-arm64-gnu@0.37.0':
    resolution: {integrity: sha512-JAYqsm6sTfZZbUp1CQfWZ+prXg9qBRSs5bO7bgLdD9SiqsDHn2+EfJXESL6uLqT/UO5FYvE16wivup0EOHit5w==}
    engines: {node: ^20.19.0 || >=22.12.0}
    cpu: [arm64]
    os: [linux]
    libc: [glibc]

  '@oxfmt/binding-linux-arm64-musl@0.37.0':
    resolution: {integrity: sha512-EZj3TurW1iLbq+7tBr++wsxwFyD+pvjMrTNRuSynDrs8J7w46cu/ZIzU/lFw7OG1/tDRDZ9nrKXxwbvIKXo2zA==}
    engines: {node: ^20.19.0 || >=22.12.0}
    cpu: [arm64]
    os: [linux]
    libc: [musl]

  '@oxfmt/binding-linux-ppc64-gnu@0.37.0':
    resolution: {integrity: sha512-ELXrDe1xRj+f7VpzJO2j54izMbi+Hov+kdqusXO3T1BwVEbA5sWgZrVMqkwEsj4k6Lw/obJK1SLUeNulR1D//g==}
    engines: {node: ^20.19.0 || >=22.12.0}
    cpu: [ppc64]
    os: [linux]
    libc: [glibc]

  '@oxfmt/binding-linux-riscv64-gnu@0.37.0':
    resolution: {integrity: sha512-79gMZgLD62dGmo5Xl4gaMc6NHRFj3GuxPrchHBlW54tcRSXTtb3gLh/J6Bl8nbbzSFRQGR7dkNQ8yYadXt6txQ==}
    engines: {node: ^20.19.0 || >=22.12.0}
    cpu: [riscv64]
    os: [linux]
    libc: [glibc]

  '@oxfmt/binding-linux-riscv64-musl@0.37.0':
    resolution: {integrity: sha512-QFdi9OhyWxnh975jeG490atcINXZwZb7epyNASPaT4wcodOTuDitrDgSPT8CFl8BcGOFTGZ6c3P/s8Afeg1Ngg==}
    engines: {node: ^20.19.0 || >=22.12.0}
    cpu: [riscv64]
    os: [linux]
    libc: [musl]

  '@oxfmt/binding-linux-s390x-gnu@0.37.0':
    resolution: {integrity: sha512-qweAj7+pLFQXfe3UU7EZiOmo+/2SWjzVZjyyTDcrZAT0E92zEKJBvYpHinUAOqipfo2Xlp8GIfq0FSb5Tmqd8g==}
    engines: {node: ^20.19.0 || >=22.12.0}
    cpu: [s390x]
    os: [linux]
    libc: [glibc]

  '@oxfmt/binding-linux-x64-gnu@0.37.0':
    resolution: {integrity: sha512-Lqc/0vS20qzZLw1ThpWn1hQgRqj4rM+E7PuBzrqp+wLH5lYFqieAiontGpl2pMPvJ0QrmQYav9mslHlAB5kOSQ==}
    engines: {node: ^20.19.0 || >=22.12.0}
    cpu: [x64]
    os: [linux]
    libc: [glibc]

  '@oxfmt/binding-linux-x64-musl@0.37.0':
    resolution: {integrity: sha512-TnJm22+1cEcpYXzbcXS5Z9+9c+R0ronFdx5bG4OTdOL/wSpQQKzc2izgAXJ03QkP3tq7aAPhlhhxasvH3xgoUA==}
    engines: {node: ^20.19.0 || >=22.12.0}
    cpu: [x64]
    os: [linux]
    libc: [musl]

  '@oxfmt/binding-openharmony-arm64@0.37.0':
    resolution: {integrity: sha512-YLq27qMur3hPUponvV3Zr0oHxowox71j3+nc+/oCc1O+M0zFafhd6AoAoCiRrSYRW+asWhz3/UMPh0bYpimcMw==}
    engines: {node: ^20.19.0 || >=22.12.0}
    cpu: [arm64]
    os: [openharmony]

  '@oxfmt/binding-win32-arm64-msvc@0.37.0':
    resolution: {integrity: sha512-0lYOsiYSODNh5RE9VqsydSUY7yMz8l+C4O2i3zpdZWEDNR6Tk949sMbakwUbtE5hViHnAq1cubr197DzKW+d6g==}
    engines: {node: ^20.19.0 || >=22.12.0}
    cpu: [arm64]
    os: [win32]

  '@oxfmt/binding-win32-ia32-msvc@0.37.0':
    resolution: {integrity: sha512-KHQF8DsMTE6nqQ5uBU0sx8sQsyBK/PzJdJV65+28lJGOJO59jCS5WlGcKnGtq14a2B3Xr6LoJGrSFi19xsBs/A==}
    engines: {node: ^20.19.0 || >=22.12.0}
    cpu: [ia32]
    os: [win32]

  '@oxfmt/binding-win32-x64-msvc@0.37.0':
    resolution: {integrity: sha512-tDVVCHOPbIJ+sQE1z2DdWk82ewhmgcbXlYv4xUCnkY75vM7R3VkVgO2KqgEolMRXwI5RrsAbk+ZoP9/LKdzKVg==}
    engines: {node: ^20.19.0 || >=22.12.0}
    cpu: [x64]
    os: [win32]

  '@oxlint/binding-android-arm-eabi@1.53.0':
    resolution: {integrity: sha512-JC89/jAx4d2zhDIbK8MC4L659FN1WiMXMBkNg7b33KXSkYpUgcbf+0nz7+EPRg+VwWiZVfaoFkNHJ7RXYb5Neg==}
    engines: {node: ^20.19.0 || >=22.12.0}
    cpu: [arm]
    os: [android]

  '@oxlint/binding-android-arm64@1.53.0':
    resolution: {integrity: sha512-CY+pZfi+uyeU7AwFrEnjsNT+VfxYmKLMuk7bVxArd8f+09hQbJb8f7C7EpvTfNqrCK1J8zZlaYI4LltmEctgbQ==}
    engines: {node: ^20.19.0 || >=22.12.0}
    cpu: [arm64]
    os: [android]

  '@oxlint/binding-darwin-arm64@1.53.0':
    resolution: {integrity: sha512-0aqsC4HDQ94oI6kMz64iaOJ1f3bCVArxvaHJGOScBvFz6CcQedXi5b70Xg09CYjKNaHA56dW0QJfoZ/111kz1A==}
    engines: {node: ^20.19.0 || >=22.12.0}
    cpu: [arm64]
    os: [darwin]

  '@oxlint/binding-darwin-x64@1.53.0':
    resolution: {integrity: sha512-e+KvuaWtnisyWojO/t5qKDbp2dvVpg+1dl4MGnTb21QpY4+4+9Y1XmZPaztcA2XNvy4BIaXFW+9JH9tMpSBqUg==}
    engines: {node: ^20.19.0 || >=22.12.0}
    cpu: [x64]
    os: [darwin]

  '@oxlint/binding-freebsd-x64@1.53.0':
    resolution: {integrity: sha512-hpU0ZHVeblFjmZDfgi9BxhhCpURh0KjoFy5V+Tvp9sg/fRcnMUEfaJrgz+jQfOX4jctlVWrAs1ANs91+5iV+zA==}
    engines: {node: ^20.19.0 || >=22.12.0}
    cpu: [x64]
    os: [freebsd]

  '@oxlint/binding-linux-arm-gnueabihf@1.53.0':
    resolution: {integrity: sha512-ccKxOpw+X4xa2pO+qbTOpxQ2x1+Ag3ViRQMnWt3gHp1LcpNgS1xd6GYc3OvehmHtrXqEV3YGczZ0I1qpBB4/2A==}
    engines: {node: ^20.19.0 || >=22.12.0}
    cpu: [arm]
    os: [linux]

  '@oxlint/binding-linux-arm-musleabihf@1.53.0':
    resolution: {integrity: sha512-UBkBvmzSmlyH2ZObQMDKW/TuyTmUtP/XClPUyU2YLwj0qLopZTZxnDz4VG5d3wz1HQuZXO0o1QqsnQUW1v4a6Q==}
    engines: {node: ^20.19.0 || >=22.12.0}
    cpu: [arm]
    os: [linux]

  '@oxlint/binding-linux-arm64-gnu@1.53.0':
    resolution: {integrity: sha512-PQJJ1izoH9p61las6rZ0BWOznAhTDMmdUPL2IEBLuXFwhy2mSloYHvRkk39PSYJ1DyG+trqU5Z9ZbtHSGH6plg==}
    engines: {node: ^20.19.0 || >=22.12.0}
    cpu: [arm64]
    os: [linux]
    libc: [glibc]

  '@oxlint/binding-linux-arm64-musl@1.53.0':
    resolution: {integrity: sha512-GXI1o4Thn/rtnRIL38BwrDMwVcUbIHKCsOixIWf/CkU3fCG3MXFzFTtDMt+34ik0Qk452d8kcpksL0w/hUkMZA==}
    engines: {node: ^20.19.0 || >=22.12.0}
    cpu: [arm64]
    os: [linux]
    libc: [musl]

  '@oxlint/binding-linux-ppc64-gnu@1.53.0':
    resolution: {integrity: sha512-Uahk7IVs2yBamCgeJ3XKpKT9Vh+de0pDKISFKnjEcI3c/w2CFHk1+W6Q6G3KI56HGwE9PWCp6ayhA9whXWkNIQ==}
    engines: {node: ^20.19.0 || >=22.12.0}
    cpu: [ppc64]
    os: [linux]
    libc: [glibc]

  '@oxlint/binding-linux-riscv64-gnu@1.53.0':
    resolution: {integrity: sha512-sWtcU9UkrKMWsGKdFy8R6jkm9Q0VVG1VCpxVuh0HzRQQi3ENI1Nh5CkpsdfUs2MKRcOoHKbXqTscunuXjhxoxQ==}
    engines: {node: ^20.19.0 || >=22.12.0}
    cpu: [riscv64]
    os: [linux]
    libc: [glibc]

  '@oxlint/binding-linux-riscv64-musl@1.53.0':
    resolution: {integrity: sha512-aXew1+HDvCdExijX/8NBVC854zJwxhKP3l9AHFSHQNo4EanlHtzDMIlIvP3raUkL0vXtFCkTFYezzU5HjstB8A==}
    engines: {node: ^20.19.0 || >=22.12.0}
    cpu: [riscv64]
    os: [linux]
    libc: [musl]

  '@oxlint/binding-linux-s390x-gnu@1.53.0':
    resolution: {integrity: sha512-rVpyBSqPGou9sITcsoXqUoGBUH74bxYLYOAGUqN599Zu6BQBlBU9hh3bJQ/20D1xrhhrsbiCpVPvXpLPM5nL1w==}
    engines: {node: ^20.19.0 || >=22.12.0}
    cpu: [s390x]
    os: [linux]
    libc: [glibc]

  '@oxlint/binding-linux-x64-gnu@1.53.0':
    resolution: {integrity: sha512-eOyeQ8qFQ2geXmlWJuXAOaek0hFhbMLlYsU457NMLKDRoC43Xf+eDPZ9Yk0n9jDaGJ5zBl/3Dy8wo41cnIXuLA==}
    engines: {node: ^20.19.0 || >=22.12.0}
    cpu: [x64]
    os: [linux]
    libc: [glibc]

  '@oxlint/binding-linux-x64-musl@1.53.0':
    resolution: {integrity: sha512-S6rBArW/zD1tob8M9PwKYrRmz+j1ss1+wjbRAJCWKd7TC3JB6noDiA95pIj9zOZVVp04MIzy5qymnYusrEyXzg==}
    engines: {node: ^20.19.0 || >=22.12.0}
    cpu: [x64]
    os: [linux]
    libc: [musl]

  '@oxlint/binding-openharmony-arm64@1.53.0':
    resolution: {integrity: sha512-sd/A0Ny5sN0D/MJtlk7w2jGY4bJQou7gToa9WZF7Sj6HTyVzvlzKJWiOHfr4SulVk4ndiFQ8rKmF9rXP0EcF3A==}
    engines: {node: ^20.19.0 || >=22.12.0}
    cpu: [arm64]
    os: [openharmony]

  '@oxlint/binding-win32-arm64-msvc@1.53.0':
    resolution: {integrity: sha512-QC3q7b51Er/ZurEFcFzc7RpQ/YEoEBLJuCp3WoOzhSHHH/nkUKFy+igOxlj1z3LayhEZPDQQ7sXvv2PM2cdG3Q==}
    engines: {node: ^20.19.0 || >=22.12.0}
    cpu: [arm64]
    os: [win32]

  '@oxlint/binding-win32-ia32-msvc@1.53.0':
    resolution: {integrity: sha512-3OvLgOqwd705hWHV2i8ni80pilvg6BUgpC2+xtVu++e/q28LKVohGh5J5QYJOrRMfWmxK0M/AUu43vUw62LAKQ==}
    engines: {node: ^20.19.0 || >=22.12.0}
    cpu: [ia32]
    os: [win32]

  '@oxlint/binding-win32-x64-msvc@1.53.0':
    resolution: {integrity: sha512-xTiOkntexCdJytZ7ArIIgl3vGW5ujMM3sJNM7/+iqGAVJagCqjFFWn68HRWRLeyT66c95uR+CeFmQFI6mLQqDw==}
    engines: {node: ^20.19.0 || >=22.12.0}
    cpu: [x64]
    os: [win32]

  '@quansync/fs@1.0.0':
    resolution: {integrity: sha512-4TJ3DFtlf1L5LDMaM6CanJ/0lckGNtJcMjQ1NAV6zDmA0tEHKZtxNKin8EgPaVX1YzljbxckyT2tJrpQKAtngQ==}

  '@rolldown/binding-android-arm64@1.0.0-rc.8':
    resolution: {integrity: sha512-5bcmMQDWEfWUq3m79Mcf/kbO6e5Jr6YjKSsA1RnpXR6k73hQ9z1B17+4h93jXpzHvS18p7bQHM1HN/fSd+9zog==}
    engines: {node: ^20.19.0 || >=22.12.0}
    cpu: [arm64]
    os: [android]

  '@rolldown/binding-darwin-arm64@1.0.0-rc.8':
    resolution: {integrity: sha512-dcHPd5N4g9w2iiPRJmAvO0fsIWzF2JPr9oSuTjxLL56qu+oML5aMbBMNwWbk58Mt3pc7vYs9CCScwLxdXPdRsg==}
    engines: {node: ^20.19.0 || >=22.12.0}
    cpu: [arm64]
    os: [darwin]

  '@rolldown/binding-darwin-x64@1.0.0-rc.8':
    resolution: {integrity: sha512-mw0VzDvoj8AuR761QwpdCFN0sc/jspuc7eRYJetpLWd+XyansUrH3C7IgNw6swBOgQT9zBHNKsVCjzpfGJlhUA==}
    engines: {node: ^20.19.0 || >=22.12.0}
    cpu: [x64]
    os: [darwin]

  '@rolldown/binding-freebsd-x64@1.0.0-rc.8':
    resolution: {integrity: sha512-xNrRa6mQ9NmMIJBdJtPMPG8Mso0OhM526pDzc/EKnRrIrrkHD1E0Z6tONZRmUeJElfsQ6h44lQQCcDilSNIvSQ==}
    engines: {node: ^20.19.0 || >=22.12.0}
    cpu: [x64]
    os: [freebsd]

  '@rolldown/binding-linux-arm-gnueabihf@1.0.0-rc.8':
    resolution: {integrity: sha512-WgCKoO6O/rRUwimWfEJDeztwJJmuuX0N2bYLLRxmXDTtCwjToTOqk7Pashl/QpQn3H/jHjx0b5yCMbcTVYVpNg==}
    engines: {node: ^20.19.0 || >=22.12.0}
    cpu: [arm]
    os: [linux]

  '@rolldown/binding-linux-arm64-gnu@1.0.0-rc.8':
    resolution: {integrity: sha512-tOHgTOQa8G4Z3ULj4G3NYOGGJEsqPHR91dT72u63OtVsZ7B6wFJKOx+ZKv+pvwzxWz92/I2ycaqi2/Ll4l+rlg==}
    engines: {node: ^20.19.0 || >=22.12.0}
    cpu: [arm64]
    os: [linux]
    libc: [glibc]

  '@rolldown/binding-linux-arm64-musl@1.0.0-rc.8':
    resolution: {integrity: sha512-oRbxcgDujCi2Yp1GTxoUFsIFlZsuPHU4OV4AzNc3/6aUmR4lfm9FK0uwQu82PJsuUwnF2jFdop3Ep5c1uK7Uxg==}
    engines: {node: ^20.19.0 || >=22.12.0}
    cpu: [arm64]
    os: [linux]
    libc: [musl]

  '@rolldown/binding-linux-ppc64-gnu@1.0.0-rc.8':
    resolution: {integrity: sha512-oaLRyUHw8kQE5M89RqrDJZ10GdmGJcMeCo8tvaE4ukOofqgjV84AbqBSH6tTPjeT2BHv+xlKj678GBuIb47lKA==}
    engines: {node: ^20.19.0 || >=22.12.0}
    cpu: [ppc64]
    os: [linux]
    libc: [glibc]

  '@rolldown/binding-linux-s390x-gnu@1.0.0-rc.8':
    resolution: {integrity: sha512-1hjSKFrod5MwBBdLOOA0zpUuSfSDkYIY+QqcMcIU1WOtswZtZdUkcFcZza9b2HcAb0bnpmmyo0LZcaxLb2ov1g==}
    engines: {node: ^20.19.0 || >=22.12.0}
    cpu: [s390x]
    os: [linux]
    libc: [glibc]

  '@rolldown/binding-linux-x64-gnu@1.0.0-rc.8':
    resolution: {integrity: sha512-a1+F0aV4Wy9tT3o+cHl3XhOy6aFV+B8Ll+/JFj98oGkb6lGk3BNgrxd+80RwYRVd23oLGvj3LwluKYzlv1PEuw==}
    engines: {node: ^20.19.0 || >=22.12.0}
    cpu: [x64]
    os: [linux]
    libc: [glibc]

  '@rolldown/binding-linux-x64-musl@1.0.0-rc.8':
    resolution: {integrity: sha512-bGyXCFU11seFrf7z8PcHSwGEiFVkZ9vs+auLacVOQrVsI8PFHJzzJROF3P6b0ODDmXr0m6Tj5FlDhcXVk0Jp8w==}
    engines: {node: ^20.19.0 || >=22.12.0}
    cpu: [x64]
    os: [linux]
    libc: [musl]

  '@rolldown/binding-openharmony-arm64@1.0.0-rc.8':
    resolution: {integrity: sha512-n8d+L2bKgf9G3+AM0bhHFWdlz9vYKNim39ujRTieukdRek0RAo2TfG2uEnV9spa4r4oHUfL9IjcY3M9SlqN1gw==}
    engines: {node: ^20.19.0 || >=22.12.0}
    cpu: [arm64]
    os: [openharmony]

  '@rolldown/binding-wasm32-wasi@1.0.0-rc.8':
    resolution: {integrity: sha512-4R4iJDIk7BrJdteAbEAICXPoA7vZoY/M0OBfcRlQxzQvUYMcEp2GbC/C8UOgQJhu2TjGTpX1H8vVO1xHWcRqQA==}
    engines: {node: '>=14.0.0'}
    cpu: [wasm32]

  '@rolldown/binding-win32-arm64-msvc@1.0.0-rc.8':
    resolution: {integrity: sha512-3lwnklba9qQOpFnQ7EW+A1m4bZTWXZE4jtehsZ0YOl2ivW1FQqp5gY7X2DLuKITggesyuLwcmqS11fA7NtrmrA==}
    engines: {node: ^20.19.0 || >=22.12.0}
    cpu: [arm64]
    os: [win32]

  '@rolldown/binding-win32-x64-msvc@1.0.0-rc.8':
    resolution: {integrity: sha512-VGjCx9Ha1P/r3tXGDZyG0Fcq7Q0Afnk64aaKzr1m40vbn1FL8R3W0V1ELDvPgzLXaaqK/9PnsqSaLWXfn6JtGQ==}
    engines: {node: ^20.19.0 || >=22.12.0}
    cpu: [x64]
    os: [win32]

  '@rolldown/pluginutils@1.0.0-rc.8':
    resolution: {integrity: sha512-wzJwL82/arVfeSP3BLr1oTy40XddjtEdrdgtJ4lLRBu06mP3q/8HGM6K0JRlQuTA3XB0pNJx2so/nmpY4xyOew==}

  '@sapphire/async-queue@1.5.5':
    resolution: {integrity: sha512-cvGzxbba6sav2zZkH8GPf2oGk9yYoD5qrNWdu9fRehifgnFZJMV+nuy2nON2roRO4yQQ+v7MK/Pktl/HgfsUXg==}
    engines: {node: '>=v14.0.0', npm: '>=7.0.0'}

  '@sapphire/snowflake@3.5.5':
    resolution: {integrity: sha512-xzvBr1Q1c4lCe7i6sRnrofxeO1QTP/LKQ6A6qy0iB4x5yfiSfARMEQEghojzTNALDTcv8En04qYNIco9/K9eZQ==}
    engines: {node: '>=v14.0.0', npm: '>=7.0.0'}

  '@tybys/wasm-util@0.10.1':
    resolution: {integrity: sha512-9tTaPJLSiejZKx+Bmog4uSubteqTvFrVrURwkmHixBo0G4seD0zUxp98E1DzUBJxLQ3NPwXrGKDiVjwx/DpPsg==}

  '@types/estree@1.0.8':
    resolution: {integrity: sha512-dWHzHa2WqEXI/O1E9OjrocMTKJl2mSrEolh1Iomrv6U+JuNwaHXsXx9bLu5gG7BUWFIN0skIQJQ/L1rIex4X6w==}

  '@types/jsesc@2.5.1':
    resolution: {integrity: sha512-9VN+6yxLOPLOav+7PwjZbxiID2bVaeq0ED4qSQmdQTdjnXJSaCVKTR58t15oqH1H5t8Ng2ZX1SabJVoN9Q34bw==}

  '@types/node@25.3.5':
    resolution: {integrity: sha512-oX8xrhvpiyRCQkG1MFchB09f+cXftgIXb3a7UUa4Y3wpmZPw5tyZGTLWhlESOLq1Rq6oDlc8npVU2/9xiCuXMA==}

  '@types/ws@8.18.1':
    resolution: {integrity: sha512-ThVF6DCVhA8kUGy+aazFQ4kXQ7E1Ty7A3ypFOe0IcJV8O/M511G99AW24irKrW56Wt44yG9+ij8FaqoBGkuBXg==}

  '@vladfrangu/async_event_emitter@2.4.7':
    resolution: {integrity: sha512-Xfe6rpCTxSxfbswi/W/Pz7zp1WWSNn4A0eW4mLkQUewCrXXtMj31lCg+iQyTkh/CkusZSq9eDflu7tjEDXUY6g==}
    engines: {node: '>=v14.0.0', npm: '>=7.0.0'}

  ansis@4.2.0:
    resolution: {integrity: sha512-HqZ5rWlFjGiV0tDm3UxxgNRqsOTniqoKZu0pIAfh7TZQMGuZK+hH0drySty0si0QXj1ieop4+SkSfPZBPPkHig==}
    engines: {node: '>=14'}

  ast-kit@3.0.0-beta.1:
    resolution: {integrity: sha512-trmleAnZ2PxN/loHWVhhx1qeOHSRXq4TDsBBxq3GqeJitfk3+jTQ+v/C1km/KYq9M7wKqCewMh+/NAvVH7m+bw==}
    engines: {node: '>=20.19.0'}

  birpc@4.0.0:
    resolution: {integrity: sha512-LShSxJP0KTmd101b6DRyGBj57LZxSDYWKitQNW/mi8GRMvZb078Uf9+pveax1DrVL89vm7mWe+TovdI/UDOuPw==}

  cac@7.0.0:
    resolution: {integrity: sha512-tixWYgm5ZoOD+3g6UTea91eow5z6AAHaho3g0V9CNSNb45gM8SmflpAc+GRd1InC4AqN/07Unrgp56Y94N9hJQ==}
    engines: {node: '>=20.19.0'}

  defu@6.1.4:
    resolution: {integrity: sha512-mEQCMmwJu317oSz8CwdIOdwf3xMif1ttiM8LTufzc3g6kR+9Pe236twL8j3IYT1F7GfRgGcW6MWxzZjLIkuHIg==}

  discord-api-types@0.38.42:
    resolution: {integrity: sha512-qs1kya7S84r5RR8m9kgttywGrmmoHaRifU1askAoi+wkoSefLpZP6aGXusjNw5b0jD3zOg3LTwUa3Tf2iHIceQ==}

  dts-resolver@2.1.3:
    resolution: {integrity: sha512-bihc7jPC90VrosXNzK0LTE2cuLP6jr0Ro8jk+kMugHReJVLIpHz/xadeq3MhuwyO4TD4OA3L1Q8pBBFRc08Tsw==}
    engines: {node: '>=20.19.0'}
    peerDependencies:
      oxc-resolver: '>=11.0.0'
    peerDependenciesMeta:
      oxc-resolver:
        optional: true

  empathic@2.0.0:
    resolution: {integrity: sha512-i6UzDscO/XfAcNYD75CfICkmfLedpyPDdozrLMmQc5ORaQcdMoc21OnlEylMIqI7U8eniKrPMxxtj8k0vhmJhA==}
    engines: {node: '>=14'}

  estree-walker@3.0.3:
    resolution: {integrity: sha512-7RUKfXgSMMkzt6ZuXmqapOurLGPPfgj6l9uRZ7lRGolvk0y2yocc35LdcxKC5PQZdn2DMqioAQ2NoWcrTKmm6g==}

  fdir@6.5.0:
    resolution: {integrity: sha512-tIbYtZbucOs0BRGqPJkshJUYdL+SDH7dVM8gjy+ERp3WAUjLEFJE+02kanyHtwjWOnwrKYBiwAmM0p4kLJAnXg==}
    engines: {node: '>=12.0.0'}
    peerDependencies:
      picomatch: ^3 || ^4
    peerDependenciesMeta:
      picomatch:
        optional: true

  get-tsconfig@4.13.6:
    resolution: {integrity: sha512-shZT/QMiSHc/YBLxxOkMtgSid5HFoauqCE3/exfsEcwg1WkeqjG+V40yBbBrsD+jW2HDXcs28xOfcbm2jI8Ddw==}

  hookable@6.0.1:
    resolution: {integrity: sha512-uKGyY8BuzN/a5gvzvA+3FVWo0+wUjgtfSdnmjtrOVwQCZPHpHDH2WRO3VZSOeluYrHoDCiXFffZXs8Dj1ULWtw==}

  husky@9.1.7:
    resolution: {integrity: sha512-5gs5ytaNjBrh5Ow3zrvdUUY+0VxIuWVL4i9irt6friV+BqdCfmV11CQTWMiBYWHbXhco+J1kHfTOUkePhCDvMA==}
    engines: {node: '>=18'}
    hasBin: true

  import-without-cache@0.2.5:
    resolution: {integrity: sha512-B6Lc2s6yApwnD2/pMzFh/d5AVjdsDXjgkeJ766FmFuJELIGHNycKRj+l3A39yZPM4CchqNCB4RITEAYB1KUM6A==}
    engines: {node: '>=20.19.0'}

  jsesc@3.1.0:
    resolution: {integrity: sha512-/sM3dO2FOzXjKQhJuo0Q173wf2KOo8t4I8vHy6lF9poUp7bKT0/NHE8fPX23PwfhnykfqnC2xRxOnVw5XuGIaA==}
    engines: {node: '>=6'}
    hasBin: true

  magic-bytes.js@1.13.0:
    resolution: {integrity: sha512-afO2mnxW7GDTXMm5/AoN1WuOcdoKhtgXjIvHmobqTD1grNplhGdv3PFOyjCVmrnOZBIT/gD/koDKpYG+0mvHcg==}

  obug@2.1.1:
    resolution: {integrity: sha512-uTqF9MuPraAQ+IsnPf366RG4cP9RtUi7MLO1N3KEc+wb0a6yKpeL0lmk2IB1jY5KHPAlTc6T/JRdC/YqxHNwkQ==}

  oxfmt@0.37.0:
    resolution: {integrity: sha512-Kd47gakZAU/i9KkXv3F0EDRoMvSso9O5966kflf9zYto0oZ0NN+Fh5vKKrLwp2Mkt0efYBk5LjCAS0BNC0y0eQ==}
    engines: {node: ^20.19.0 || >=22.12.0}
    hasBin: true

  oxlint@1.53.0:
    resolution: {integrity: sha512-TLW0PzGbpO1JxUnuy1pIqVPjQUGh4fNfxu5XJbdFIRFVaJ0UFzTjjk/hSFTMRxN6lZub53xL/IwJNEkrh7VtDg==}
    engines: {node: ^20.19.0 || >=22.12.0}
    hasBin: true
    peerDependencies:
      oxlint-tsgolint: '>=0.15.0'
    peerDependenciesMeta:
      oxlint-tsgolint:
        optional: true

  pathe@2.0.3:
    resolution: {integrity: sha512-WUjGcAqP1gQacoQe+OBJsFA7Ld4DyXuUIjZ5cc75cLHvJ7dtNsTugphxIADwspS+AraAUePCKrSVtPLFj/F88w==}

  picomatch@4.0.3:
    resolution: {integrity: sha512-5gTmgEY/sqK6gFXLIsQNH19lWb4ebPDLA4SdLP7dsWkIXHWlG66oPuVvXSGFPppYZz8ZDZq0dYYrbHfBCVUb1Q==}
    engines: {node: '>=12'}

  quansync@1.0.0:
    resolution: {integrity: sha512-5xZacEEufv3HSTPQuchrvV6soaiACMFnq1H8wkVioctoH3TRha9Sz66lOxRwPK/qZj7HPiSveih9yAyh98gvqA==}

  resolve-pkg-maps@1.0.0:
    resolution: {integrity: sha512-seS2Tj26TBVOC2NIc2rOe2y2ZO7efxITtLZcGSOnHHNOQ7CkiUBfw0Iw2ck6xkIhPwLhKNLS8BO+hEpngQlqzw==}

  rolldown-plugin-dts@0.22.4:
    resolution: {integrity: sha512-pueqTPyN1N6lWYivyDGad+j+GO3DT67pzpct8s8e6KGVIezvnrDjejuw1AXFeyDRas3xTq4Ja6Lj5R5/04C5GQ==}
    engines: {node: '>=20.19.0'}
    peerDependencies:
      '@ts-macro/tsc': ^0.3.6
      '@typescript/native-preview': '>=7.0.0-dev.20250601.1'
      rolldown: ^1.0.0-rc.3
      typescript: ^5.0.0 || ^6.0.0-beta
      vue-tsc: ~3.2.0
    peerDependenciesMeta:
      '@ts-macro/tsc':
        optional: true
      '@typescript/native-preview':
        optional: true
      typescript:
        optional: true
      vue-tsc:
        optional: true

  rolldown@1.0.0-rc.8:
    resolution: {integrity: sha512-RGOL7mz/aoQpy/y+/XS9iePBfeNRDUdozrhCEJxdpJyimW8v6yp4c30q6OviUU5AnUJVLRL9GP//HUs6N3ALrQ==}
    engines: {node: ^20.19.0 || >=22.12.0}
    hasBin: true

  semver@7.7.4:
    resolution: {integrity: sha512-vFKC2IEtQnVhpT78h1Yp8wzwrf8CM+MzKMHGJZfBtzhZNycRFnXsHk6E5TxIkkMsgNS7mdX3AGB7x2QM2di4lA==}
    engines: {node: '>=10'}
    hasBin: true

  tinyexec@1.0.2:
    resolution: {integrity: sha512-W/KYk+NFhkmsYpuHq5JykngiOCnxeVL8v8dFnqxSD8qEEdRfXk1SDM6JzNqcERbcGYj9tMrDQBYV9cjgnunFIg==}
    engines: {node: '>=18'}

  tinyglobby@0.2.15:
    resolution: {integrity: sha512-j2Zq4NyQYG5XMST4cbs02Ak8iJUdxRM0XI5QyxXuZOzKOINmWurp3smXu3y5wDcJrptwpSjgXHzIQxR0omXljQ==}
    engines: {node: '>=12.0.0'}

  tinypool@2.1.0:
    resolution: {integrity: sha512-Pugqs6M0m7Lv1I7FtxN4aoyToKg1C4tu+/381vH35y8oENM/Ai7f7C4StcoK4/+BSw9ebcS8jRiVrORFKCALLw==}
    engines: {node: ^20.0.0 || >=22.0.0}

  tree-kill@1.2.2:
    resolution: {integrity: sha512-L0Orpi8qGpRG//Nd+H90vFB+3iHnue1zSSGmNOOCh1GLJ7rUKVwV2HvijphGQS2UmhUZewS9VgvxYIdgr+fG1A==}
    hasBin: true

  tsdown@0.21.1:
    resolution: {integrity: sha512-2Qgm5Pztm1ZOBr6AfJ4pAlspuufa5SlnBgnUx7a0QSm0a73FrBETiRB422gHtMKbgWf1oUtjBL/eK+po7OXwKw==}
    engines: {node: '>=20.19.0'}
    hasBin: true
    peerDependencies:
      '@arethetypeswrong/core': ^0.18.1
      '@tsdown/css': 0.21.1
      '@tsdown/exe': 0.21.1
      '@vitejs/devtools': '*'
      publint: ^0.3.0
      typescript: ^5.0.0
      unplugin-unused: ^0.5.0
    peerDependenciesMeta:
      '@arethetypeswrong/core':
        optional: true
      '@tsdown/css':
        optional: true
      '@tsdown/exe':
        optional: true
      '@vitejs/devtools':
        optional: true
      publint:
        optional: true
      typescript:
        optional: true
      unplugin-unused:
        optional: true

  tslib@2.8.1:
    resolution: {integrity: sha512-oJFu94HQb+KVduSUQL7wnpmqnfmLsOA/nAh6b6EH0wCEoK0/mPeXU6c3wKDV83MkOuHPRHtSXKKU99IBazS/2w==}

  typescript@5.9.3:
    resolution: {integrity: sha512-jl1vZzPDinLr9eUt3J/t7V6FgNEw9QjvBPdysz9KfQDD41fQrC2Y4vKQdiaUpFT4bXlb1RHhLpp8wtm6M5TgSw==}
    engines: {node: '>=14.17'}
    hasBin: true

  unconfig-core@7.5.0:
    resolution: {integrity: sha512-Su3FauozOGP44ZmKdHy2oE6LPjk51M/TRRjHv2HNCWiDvfvCoxC2lno6jevMA91MYAdCdwP05QnWdWpSbncX/w==}

  undici-types@7.18.2:
    resolution: {integrity: sha512-AsuCzffGHJybSaRrmr5eHr81mwJU3kjw6M+uprWvCXiNeN9SOGwQ3Jn8jb8m3Z6izVgknn1R0FTCEAP2QrLY/w==}

  undici@7.22.0:
    resolution: {integrity: sha512-RqslV2Us5BrllB+JeiZnK4peryVTndy9Dnqq62S3yYRRTj0tFQCwEniUy2167skdGOy3vqRzEvl1Dm4sV2ReDg==}
    engines: {node: '>=20.18.1'}

  unrun@0.2.31:
    resolution: {integrity: sha512-qltXRUeKQSrIgVS4NbH6PXEFqq+dru2ivH9QINfB+TinSlslgQvursJEV56QzaX8VaDCV5KfbROwKTQf/APJFA==}
    engines: {node: '>=20.19.0'}
    hasBin: true
    peerDependencies:
      synckit: ^0.11.11
    peerDependenciesMeta:
      synckit:
        optional: true

  uuid@13.0.0:
    resolution: {integrity: sha512-XQegIaBTVUjSHliKqcnFqYypAd4S+WCYt5NIeRs6w/UAry7z8Y9j5ZwRRL4kzq9U3sD6v+85er9FvkEaBpji2w==}
    hasBin: true

  ws@8.19.0:
    resolution: {integrity: sha512-blAT2mjOEIi0ZzruJfIhb3nps74PRWTCz1IjglWEEpQl5XS/UNama6u2/rjFkDDouqr4L67ry+1aGIALViWjDg==}
    engines: {node: '>=10.0.0'}
    peerDependencies:
      bufferutil: ^4.0.1
      utf-8-validate: '>=5.0.2'
    peerDependenciesMeta:
      bufferutil:
        optional: true
      utf-8-validate:
        optional: true

snapshots:

  '@babel/generator@8.0.0-rc.2':
    dependencies:
      '@babel/parser': 8.0.0-rc.2
      '@babel/types': 8.0.0-rc.2
      '@jridgewell/gen-mapping': 0.3.13
      '@jridgewell/trace-mapping': 0.3.31
      '@types/jsesc': 2.5.1
      jsesc: 3.1.0

  '@babel/helper-string-parser@8.0.0-rc.2': {}

  '@babel/helper-validator-identifier@8.0.0-rc.2': {}

  '@babel/parser@8.0.0-rc.2':
    dependencies:
      '@babel/types': 8.0.0-rc.2

  '@babel/types@8.0.0-rc.2':
    dependencies:
      '@babel/helper-string-parser': 8.0.0-rc.2
      '@babel/helper-validator-identifier': 8.0.0-rc.2

  '@discordjs/collection@3.0.0-dev.1773101020-f3942a631': {}

  '@discordjs/core@3.0.0-dev.1773101020-f3942a631':
    dependencies:
      '@discordjs/rest': 3.0.0-dev.1773101020-f3942a631
      '@discordjs/util': 2.0.0-dev.1773101020-f3942a631
      '@discordjs/ws': 3.0.0-dev.1773101020-f3942a631
      '@sapphire/snowflake': 3.5.5
      '@vladfrangu/async_event_emitter': 2.4.7
      discord-api-types: 0.38.42
    transitivePeerDependencies:
      - bufferutil
      - utf-8-validate

  '@discordjs/rest@3.0.0-dev.1773101020-f3942a631':
    dependencies:
      '@discordjs/collection': 3.0.0-dev.1773101020-f3942a631
      '@discordjs/util': 2.0.0-dev.1773101020-f3942a631
      '@sapphire/async-queue': 1.5.5
      '@sapphire/snowflake': 3.5.5
      '@vladfrangu/async_event_emitter': 2.4.7
      discord-api-types: 0.38.42
      magic-bytes.js: 1.13.0
      tslib: 2.8.1
      undici: 7.22.0
      uuid: 13.0.0

  '@discordjs/util@2.0.0-dev.1773101020-f3942a631':
    dependencies:
      discord-api-types: 0.38.42

  '@discordjs/ws@3.0.0-dev.1773101020-f3942a631':
    dependencies:
      '@discordjs/collection': 3.0.0-dev.1773101020-f3942a631
      '@discordjs/util': 2.0.0-dev.1773101020-f3942a631
      '@sapphire/async-queue': 1.5.5
      '@types/ws': 8.18.1
      '@vladfrangu/async_event_emitter': 2.4.7
      discord-api-types: 0.38.42
      tslib: 2.8.1
      ws: 8.19.0
    transitivePeerDependencies:
      - bufferutil
      - utf-8-validate

  '@emnapi/core@1.8.1':
    dependencies:
      '@emnapi/wasi-threads': 1.1.0
      tslib: 2.8.1
    optional: true

  '@emnapi/runtime@1.8.1':
    dependencies:
      tslib: 2.8.1
    optional: true

  '@emnapi/wasi-threads@1.1.0':
    dependencies:
      tslib: 2.8.1
    optional: true

  '@jridgewell/gen-mapping@0.3.13':
    dependencies:
      '@jridgewell/sourcemap-codec': 1.5.5
      '@jridgewell/trace-mapping': 0.3.31

  '@jridgewell/resolve-uri@3.1.2': {}

  '@jridgewell/sourcemap-codec@1.5.5': {}

  '@jridgewell/trace-mapping@0.3.31':
    dependencies:
      '@jridgewell/resolve-uri': 3.1.2
      '@jridgewell/sourcemap-codec': 1.5.5

  '@napi-rs/wasm-runtime@1.1.1':
    dependencies:
      '@emnapi/core': 1.8.1
      '@emnapi/runtime': 1.8.1
      '@tybys/wasm-util': 0.10.1
    optional: true

  '@oxc-project/types@0.115.0': {}

  '@oxfmt/binding-android-arm-eabi@0.37.0':
    optional: true

  '@oxfmt/binding-android-arm64@0.37.0':
    optional: true

  '@oxfmt/binding-darwin-arm64@0.37.0':
    optional: true

  '@oxfmt/binding-darwin-x64@0.37.0':
    optional: true

  '@oxfmt/binding-freebsd-x64@0.37.0':
    optional: true

  '@oxfmt/binding-linux-arm-gnueabihf@0.37.0':
    optional: true

  '@oxfmt/binding-linux-arm-musleabihf@0.37.0':
    optional: true

  '@oxfmt/binding-linux-arm64-gnu@0.37.0':
    optional: true

  '@oxfmt/binding-linux-arm64-musl@0.37.0':
    optional: true

  '@oxfmt/binding-linux-ppc64-gnu@0.37.0':
    optional: true

  '@oxfmt/binding-linux-riscv64-gnu@0.37.0':
    optional: true

  '@oxfmt/binding-linux-riscv64-musl@0.37.0':
    optional: true

  '@oxfmt/binding-linux-s390x-gnu@0.37.0':
    optional: true

  '@oxfmt/binding-linux-x64-gnu@0.37.0':
    optional: true

  '@oxfmt/binding-linux-x64-musl@0.37.0':
    optional: true

  '@oxfmt/binding-openharmony-arm64@0.37.0':
    optional: true

  '@oxfmt/binding-win32-arm64-msvc@0.37.0':
    optional: true

  '@oxfmt/binding-win32-ia32-msvc@0.37.0':
    optional: true

  '@oxfmt/binding-win32-x64-msvc@0.37.0':
    optional: true

  '@oxlint/binding-android-arm-eabi@1.53.0':
    optional: true

  '@oxlint/binding-android-arm64@1.53.0':
    optional: true

  '@oxlint/binding-darwin-arm64@1.53.0':
    optional: true

  '@oxlint/binding-darwin-x64@1.53.0':
    optional: true

  '@oxlint/binding-freebsd-x64@1.53.0':
    optional: true

  '@oxlint/binding-linux-arm-gnueabihf@1.53.0':
    optional: true

  '@oxlint/binding-linux-arm-musleabihf@1.53.0':
    optional: true

  '@oxlint/binding-linux-arm64-gnu@1.53.0':
    optional: true

  '@oxlint/binding-linux-arm64-musl@1.53.0':
    optional: true

  '@oxlint/binding-linux-ppc64-gnu@1.53.0':
    optional: true

  '@oxlint/binding-linux-riscv64-gnu@1.53.0':
    optional: true

  '@oxlint/binding-linux-riscv64-musl@1.53.0':
    optional: true

  '@oxlint/binding-linux-s390x-gnu@1.53.0':
    optional: true

  '@oxlint/binding-linux-x64-gnu@1.53.0':
    optional: true

  '@oxlint/binding-linux-x64-musl@1.53.0':
    optional: true

  '@oxlint/binding-openharmony-arm64@1.53.0':
    optional: true

  '@oxlint/binding-win32-arm64-msvc@1.53.0':
    optional: true

  '@oxlint/binding-win32-ia32-msvc@1.53.0':
    optional: true

  '@oxlint/binding-win32-x64-msvc@1.53.0':
    optional: true

  '@quansync/fs@1.0.0':
    dependencies:
      quansync: 1.0.0

  '@rolldown/binding-android-arm64@1.0.0-rc.8':
    optional: true

  '@rolldown/binding-darwin-arm64@1.0.0-rc.8':
    optional: true

  '@rolldown/binding-darwin-x64@1.0.0-rc.8':
    optional: true

  '@rolldown/binding-freebsd-x64@1.0.0-rc.8':
    optional: true

  '@rolldown/binding-linux-arm-gnueabihf@1.0.0-rc.8':
    optional: true

  '@rolldown/binding-linux-arm64-gnu@1.0.0-rc.8':
    optional: true

  '@rolldown/binding-linux-arm64-musl@1.0.0-rc.8':
    optional: true

  '@rolldown/binding-linux-ppc64-gnu@1.0.0-rc.8':
    optional: true

  '@rolldown/binding-linux-s390x-gnu@1.0.0-rc.8':
    optional: true

  '@rolldown/binding-linux-x64-gnu@1.0.0-rc.8':
    optional: true

  '@rolldown/binding-linux-x64-musl@1.0.0-rc.8':
    optional: true

  '@rolldown/binding-openharmony-arm64@1.0.0-rc.8':
    optional: true

  '@rolldown/binding-wasm32-wasi@1.0.0-rc.8':
    dependencies:
      '@napi-rs/wasm-runtime': 1.1.1
    optional: true

  '@rolldown/binding-win32-arm64-msvc@1.0.0-rc.8':
    optional: true

  '@rolldown/binding-win32-x64-msvc@1.0.0-rc.8':
    optional: true

  '@rolldown/pluginutils@1.0.0-rc.8': {}

  '@sapphire/async-queue@1.5.5': {}

  '@sapphire/snowflake@3.5.5': {}

  '@tybys/wasm-util@0.10.1':
    dependencies:
      tslib: 2.8.1
    optional: true

  '@types/estree@1.0.8': {}

  '@types/jsesc@2.5.1': {}

  '@types/node@25.3.5':
    dependencies:
      undici-types: 7.18.2

  '@types/ws@8.18.1':
    dependencies:
      '@types/node': 25.3.5

  '@vladfrangu/async_event_emitter@2.4.7': {}

  ansis@4.2.0: {}

  ast-kit@3.0.0-beta.1:
    dependencies:
      '@babel/parser': 8.0.0-rc.2
      estree-walker: 3.0.3
      pathe: 2.0.3

  birpc@4.0.0: {}

  cac@7.0.0: {}

  defu@6.1.4: {}

  discord-api-types@0.38.42: {}

  dts-resolver@2.1.3: {}

  empathic@2.0.0: {}

  estree-walker@3.0.3:
    dependencies:
      '@types/estree': 1.0.8

  fdir@6.5.0(picomatch@4.0.3):
    optionalDependencies:
      picomatch: 4.0.3

  get-tsconfig@4.13.6:
    dependencies:
      resolve-pkg-maps: 1.0.0

  hookable@6.0.1: {}

  husky@9.1.7: {}

  import-without-cache@0.2.5: {}

  jsesc@3.1.0: {}

  magic-bytes.js@1.13.0: {}

  obug@2.1.1: {}

  oxfmt@0.37.0:
    dependencies:
      tinypool: 2.1.0
    optionalDependencies:
      '@oxfmt/binding-android-arm-eabi': 0.37.0
      '@oxfmt/binding-android-arm64': 0.37.0
      '@oxfmt/binding-darwin-arm64': 0.37.0
      '@oxfmt/binding-darwin-x64': 0.37.0
      '@oxfmt/binding-freebsd-x64': 0.37.0
      '@oxfmt/binding-linux-arm-gnueabihf': 0.37.0
      '@oxfmt/binding-linux-arm-musleabihf': 0.37.0
      '@oxfmt/binding-linux-arm64-gnu': 0.37.0
      '@oxfmt/binding-linux-arm64-musl': 0.37.0
      '@oxfmt/binding-linux-ppc64-gnu': 0.37.0
      '@oxfmt/binding-linux-riscv64-gnu': 0.37.0
      '@oxfmt/binding-linux-riscv64-musl': 0.37.0
      '@oxfmt/binding-linux-s390x-gnu': 0.37.0
      '@oxfmt/binding-linux-x64-gnu': 0.37.0
      '@oxfmt/binding-linux-x64-musl': 0.37.0
      '@oxfmt/binding-openharmony-arm64': 0.37.0
      '@oxfmt/binding-win32-arm64-msvc': 0.37.0
      '@oxfmt/binding-win32-ia32-msvc': 0.37.0
      '@oxfmt/binding-win32-x64-msvc': 0.37.0

  oxlint@1.53.0:
    optionalDependencies:
      '@oxlint/binding-android-arm-eabi': 1.53.0
      '@oxlint/binding-android-arm64': 1.53.0
      '@oxlint/binding-darwin-arm64': 1.53.0
      '@oxlint/binding-darwin-x64': 1.53.0
      '@oxlint/binding-freebsd-x64': 1.53.0
      '@oxlint/binding-linux-arm-gnueabihf': 1.53.0
      '@oxlint/binding-linux-arm-musleabihf': 1.53.0
      '@oxlint/binding-linux-arm64-gnu': 1.53.0
      '@oxlint/binding-linux-arm64-musl': 1.53.0
      '@oxlint/binding-linux-ppc64-gnu': 1.53.0
      '@oxlint/binding-linux-riscv64-gnu': 1.53.0
      '@oxlint/binding-linux-riscv64-musl': 1.53.0
      '@oxlint/binding-linux-s390x-gnu': 1.53.0
      '@oxlint/binding-linux-x64-gnu': 1.53.0
      '@oxlint/binding-linux-x64-musl': 1.53.0
      '@oxlint/binding-openharmony-arm64': 1.53.0
      '@oxlint/binding-win32-arm64-msvc': 1.53.0
      '@oxlint/binding-win32-ia32-msvc': 1.53.0
      '@oxlint/binding-win32-x64-msvc': 1.53.0

  pathe@2.0.3: {}

  picomatch@4.0.3: {}

  quansync@1.0.0: {}

  resolve-pkg-maps@1.0.0: {}

  rolldown-plugin-dts@0.22.4(rolldown@1.0.0-rc.8)(typescript@5.9.3):
    dependencies:
      '@babel/generator': 8.0.0-rc.2
      '@babel/helper-validator-identifier': 8.0.0-rc.2
      '@babel/parser': 8.0.0-rc.2
      '@babel/types': 8.0.0-rc.2
      ast-kit: 3.0.0-beta.1
      birpc: 4.0.0
      dts-resolver: 2.1.3
      get-tsconfig: 4.13.6
      obug: 2.1.1
      rolldown: 1.0.0-rc.8
    optionalDependencies:
      typescript: 5.9.3
    transitivePeerDependencies:
      - oxc-resolver

  rolldown@1.0.0-rc.8:
    dependencies:
      '@oxc-project/types': 0.115.0
      '@rolldown/pluginutils': 1.0.0-rc.8
    optionalDependencies:
      '@rolldown/binding-android-arm64': 1.0.0-rc.8
      '@rolldown/binding-darwin-arm64': 1.0.0-rc.8
      '@rolldown/binding-darwin-x64': 1.0.0-rc.8
      '@rolldown/binding-freebsd-x64': 1.0.0-rc.8
      '@rolldown/binding-linux-arm-gnueabihf': 1.0.0-rc.8
      '@rolldown/binding-linux-arm64-gnu': 1.0.0-rc.8
      '@rolldown/binding-linux-arm64-musl': 1.0.0-rc.8
      '@rolldown/binding-linux-ppc64-gnu': 1.0.0-rc.8
      '@rolldown/binding-linux-s390x-gnu': 1.0.0-rc.8
      '@rolldown/binding-linux-x64-gnu': 1.0.0-rc.8
      '@rolldown/binding-linux-x64-musl': 1.0.0-rc.8
      '@rolldown/binding-openharmony-arm64': 1.0.0-rc.8
      '@rolldown/binding-wasm32-wasi': 1.0.0-rc.8
      '@rolldown/binding-win32-arm64-msvc': 1.0.0-rc.8
      '@rolldown/binding-win32-x64-msvc': 1.0.0-rc.8

  semver@7.7.4: {}

  tinyexec@1.0.2: {}

  tinyglobby@0.2.15:
    dependencies:
      fdir: 6.5.0(picomatch@4.0.3)
      picomatch: 4.0.3

  tinypool@2.1.0: {}

  tree-kill@1.2.2: {}

  tsdown@0.21.1(typescript@5.9.3):
    dependencies:
      ansis: 4.2.0
      cac: 7.0.0
      defu: 6.1.4
      empathic: 2.0.0
      hookable: 6.0.1
      import-without-cache: 0.2.5
      obug: 2.1.1
      picomatch: 4.0.3
      rolldown: 1.0.0-rc.8
      rolldown-plugin-dts: 0.22.4(rolldown@1.0.0-rc.8)(typescript@5.9.3)
      semver: 7.7.4
      tinyexec: 1.0.2
      tinyglobby: 0.2.15
      tree-kill: 1.2.2
      unconfig-core: 7.5.0
      unrun: 0.2.31
    optionalDependencies:
      typescript: 5.9.3
    transitivePeerDependencies:
      - '@ts-macro/tsc'
      - '@typescript/native-preview'
      - oxc-resolver
      - synckit
      - vue-tsc

  tslib@2.8.1: {}

  typescript@5.9.3: {}

  unconfig-core@7.5.0:
    dependencies:
      '@quansync/fs': 1.0.0
      quansync: 1.0.0

  undici-types@7.18.2: {}

  undici@7.22.0: {}

  unrun@0.2.31:
    dependencies:
      rolldown: 1.0.0-rc.8

  uuid@13.0.0: {}

  ws@8.19.0: {}
